
Microsoft Visual Studio Solution File, Format Version 12.00
# Visual Studio 15
VisualStudioVersion = 15.0.28307.421
MinimumVisualStudioVersion = 10.0.40219.1
Project("{FAE04EC0-301F-11D3-BF4B-00C04F79EFBC}") = "AppFirst.Android", "AppFirst\AppFirst.Android\AppFirst.Android.csproj", "{5FFE5FB5-C1F2-4CE1-864F-74ACD7F52EB5}"
EndProject
Project("{FAE04EC0-301F-11D3-BF4B-00C04F79EFBC}") = "AppFirst.UWP", "AppFirst\AppFirst.UWP\AppFirst.UWP.csproj", "{19251316-88D4-4197-8921-E680DE262D53}"
EndProject
Project("{FAE04EC0-301F-11D3-BF4B-00C04F79EFBC}") = "AppFirst", "AppFirst\AppFirst\AppFirst.csproj", "{6932CA81-7ACE-40EE-8011-C2E1DB669C32}"
EndProject
Global
	GlobalSection(SolutionConfigurationPlatforms) = preSolution
		Debug|Any CPU = Debug|Any CPU
		Debug|ARM = Debug|ARM
		Debug|x64 = Debug|x64
		Debug|x86 = Debug|x86
		Release|Any CPU = Release|Any CPU
		Release|ARM = Release|ARM
		Release|x64 = Release|x64
		Release|x86 = Release|x86
	EndGlobalSection
	GlobalSection(ProjectConfigurationPlatforms) = postSolution
		{5FFE5FB5-C1F2-4CE1-864F-74ACD7F52EB5}.Debug|Any CPU.ActiveCfg = Debug|Any CPU
		{5FFE5FB5-C1F2-4CE1-864F-74ACD7F52EB5}.Debug|Any CPU.Build.0 = Debug|Any CPU
		{5FFE5FB5-C1F2-4CE1-864F-74ACD7F52EB5}.Debug|Any CPU.Deploy.0 = Debug|Any CPU
		{5FFE5FB5-C1F2-4CE1-864F-74ACD7F52EB5}.Debug|ARM.ActiveCfg = Debug|Any CPU
		{5FFE5FB5-C1F2-4CE1-864F-74ACD7F52EB5}.Debug|ARM.Build.0 = Debug|Any CPU
		{5FFE5FB5-C1F2-4CE1-864F-74ACD7F52EB5}.Debug|ARM.Deploy.0 = Debug|Any CPU
		{5FFE5FB5-C1F2-4CE1-864F-74ACD7F52EB5}.Debug|x64.ActiveCfg = Debug|Any CPU
		{5FFE5FB5-C1F2-4CE1-864F-74ACD7F52EB5}.Debug|x64.Build.0 = Debug|Any CPU
		{5FFE5FB5-C1F2-4CE1-864F-74ACD7F52EB5}.Debug|x64.Deploy.0 = Debug|Any CPU
		{5FFE5FB5-C1F2-4CE1-864F-74ACD7F52EB5}.Debug|x86.ActiveCfg = Debug|Any CPU
		{5FFE5FB5-C1F2-4CE1-864F-74ACD7F52EB5}.Debug|x86.Build.0 = Debug|Any CPU
		{5FFE5FB5-C1F2-4CE1-864F-74ACD7F52EB5}.Debug|x86.Deploy.0 = Debug|Any CPU
		{5FFE5FB5-C1F2-4CE1-864F-74ACD7F52EB5}.Release|Any CPU.ActiveCfg = Release|Any CPU
		{5FFE5FB5-C1F2-4CE1-864F-74ACD7F52EB5}.Release|Any CPU.Build.0 = Release|Any CPU
		{5FFE5FB5-C1F2-4CE1-864F-74ACD7F52EB5}.Release|Any CPU.Deploy.0 = Release|Any CPU
		{5FFE5FB5-C1F2-4CE1-864F-74ACD7F52EB5}.Release|ARM.ActiveCfg = Release|Any CPU
		{5FFE5FB5-C1F2-4CE1-864F-74ACD7F52EB5}.Release|ARM.Build.0 = Release|Any CPU
		{5FFE5FB5-C1F2-4CE1-864F-74ACD7F52EB5}.Release|ARM.Deploy.0 = Release|Any CPU
		{5FFE5FB5-C1F2-4CE1-864F-74ACD7F52EB5}.Release|x64.ActiveCfg = Release|Any CPU
		{5FFE5FB5-C1F2-4CE1-864F-74ACD7F52EB5}.Release|x64.Build.0 = Release|Any CPU
		{5FFE5FB5-C1F2-4CE1-864F-74ACD7F52EB5}.Release|x64.Deploy.0 = Release|Any CPU
		{5FFE5FB5-C1F2-4CE1-864F-74ACD7F52EB5}.Release|x86.ActiveCfg = Release|Any CPU
		{5FFE5FB5-C1F2-4CE1-864F-74ACD7F52EB5}.Release|x86.Build.0 = Release|Any CPU
		{5FFE5FB5-C1F2-4CE1-864F-74ACD7F52EB5}.Release|x86.Deploy.0 = Release|Any CPU
		{19251316-88D4-4197-8921-E680DE262D53}.Debug|Any CPU.ActiveCfg = Debug|x86
		{19251316-88D4-4197-8921-E680DE262D53}.Debug|Any CPU.Build.0 = Debug|x86
		{19251316-88D4-4197-8921-E680DE262D53}.Debug|Any CPU.Deploy.0 = Debug|x86
		{19251316-88D4-4197-8921-E680DE262D53}.Debug|ARM.ActiveCfg = Debug|ARM
		{19251316-88D4-4197-8921-E680DE262D53}.Debug|ARM.Build.0 = Debug|ARM
		{19251316-88D4-4197-8921-E680DE262D53}.Debug|ARM.Deploy.0 = Debug|ARM
		{19251316-88D4-4197-8921-E680DE262D53}.Debug|x64.ActiveCfg = Debug|x64
		{19251316-88D4-4197-8921-E680DE262D53}.Debug|x64.Build.0 = Debug|x64
		{19251316-88D4-4197-8921-E680DE262D53}.Debug|x64.Deploy.0 = Debug|x64
		{19251316-88D4-4197-8921-E680DE262D53}.Debug|x86.ActiveCfg = Debug|x86
		{19251316-88D4-4197-8921-E680DE262D53}.Debug|x86.Build.0 = Debug|x86
		{19251316-88D4-4197-8921-E680DE262D53}.Debug|x86.Deploy.0 = Debug|x86
		{19251316-88D4-4197-8921-E680DE262D53}.Release|Any CPU.ActiveCfg = Release|x86
		{19251316-88D4-4197-8921-E680DE262D53}.Release|Any CPU.Build.0 = Release|x86
		{19251316-88D4-4197-8921-E680DE262D53}.Release|Any CPU.Deploy.0 = Release|x86
		{19251316-88D4-4197-8921-E680DE262D53}.Release|ARM.ActiveCfg = Release|ARM
		{19251316-88D4-4197-8921-E680DE262D53}.Release|ARM.Build.0 = Release|ARM
		{19251316-88D4-4197-8921-E680DE262D53}.Release|ARM.Deploy.0 = Release|ARM
		{19251316-88D4-4197-8921-E680DE262D53}.Release|x64.ActiveCfg = Release|x64
		{19251316-88D4-4197-8921-E680DE262D53}.Release|x64.Build.0 = Release|x64
		{19251316-88D4-4197-8921-E680DE262D53}.Release|x64.Deploy.0 = Release|x64
		{19251316-88D4-4197-8921-E680DE262D53}.Release|x86.ActiveCfg = Release|x86
		{19251316-88D4-4197-8921-E680DE262D53}.Release|x86.Build.0 = Release|x86
		{19251316-88D4-4197-8921-E680DE262D53}.Release|x86.Deploy.0 = Release|x86
		{6932CA81-7ACE-40EE-8011-C2E1DB669C32}.Debug|Any CPU.ActiveCfg = Debug|Any CPU
		{6932CA81-7ACE-40EE-8011-C2E1DB669C32}.Debug|Any CPU.Build.0 = Debug|Any CPU
		{6932CA81-7ACE-40EE-8011-C2E1DB669C32}.Debug|Any CPU.Deploy.0 = Debug|Any CPU
		{6932CA81-7ACE-40EE-8011-C2E1DB669C32}.Debug|ARM.ActiveCfg = Debug|Any CPU
		{6932CA81-7ACE-40EE-8011-C2E1DB669C32}.Debug|ARM.Build.0 = Debug|Any CPU
		{6932CA81-7ACE-40EE-8011-C2E1DB669C32}.Debug|ARM.Deploy.0 = Debug|Any CPU
		{6932CA81-7ACE-40EE-8011-C2E1DB669C32}.Debug|x64.ActiveCfg = Debug|Any CPU
		{6932CA81-7ACE-40EE-8011-C2E1DB669C32}.Debug|x64.Build.0 = Debug|Any CPU
		{6932CA81-7ACE-40EE-8011-C2E1DB669C32}.Debug|x64.Deploy.0 = Debug|Any CPU
		{6932CA81-7ACE-40EE-8011-C2E1DB669C32}.Debug|x86.ActiveCfg = Debug|Any CPU
		{6932CA81-7ACE-40EE-8011-C2E1DB669C32}.Debug|x86.Build.0 = Debug|Any CPU
		{6932CA81-7ACE-40EE-8011-C2E1DB669C32}.Debug|x86.Deploy.0 = Debug|Any CPU
		{6932CA81-7ACE-40EE-8011-C2E1DB669C32}.Release|Any CPU.ActiveCfg = Release|Any CPU
		{6932CA81-7ACE-40EE-8011-C2E1DB669C32}.Release|Any CPU.Build.0 = Release|Any CPU
		{6932CA81-7ACE-40EE-8011-C2E1DB669C32}.Release|Any CPU.Deploy.0 = Release|Any CPU
		{6932CA81-7ACE-40EE-8011-C2E1DB669C32}.Release|ARM.ActiveCfg = Release|Any CPU
		{6932CA81-7ACE-40EE-8011-C2E1DB669C32}.Release|ARM.Build.0 = Release|Any CPU
		{6932CA81-7ACE-40EE-8011-C2E1DB669C32}.Release|ARM.Deploy.0 = Release|Any CPU
		{6932CA81-7ACE-40EE-8011-C2E1DB669C32}.Release|x64.ActiveCfg = Release|Any CPU
		{6932CA81-7ACE-40EE-8011-C2E1DB669C32}.Release|x64.Build.0 = Release|Any CPU
		{6932CA81-7ACE-40EE-8011-C2E1DB669C32}.Release|x64.Deploy.0 = Release|Any CPU
		{6932CA81-7ACE-40EE-8011-C2E1DB669C32}.Release|x86.ActiveCfg = Release|Any CPU
		{6932CA81-7ACE-40EE-8011-C2E1DB669C32}.Release|x86.Build.0 = Release|Any CPU
		{6932CA81-7ACE-40EE-8011-C2E1DB669C32}.Release|x86.Deploy.0 = Release|Any CPU
	EndGlobalSection
	GlobalSection(SolutionProperties) = preSolution
		HideSolutionNode = FALSE
	EndGlobalSection
	GlobalSection(ExtensibilityGlobals) = postSolution
		SolutionGuid = {4E4AAE85-A54D-40C1-A36C-35B04356CF0F}
	EndGlobalSection
EndGlobal
